{
  "name": "typescript",
  "lockfileVersion": 2,
  "requires": true,
  "packages": {
    "": {
      "dependencies": {
        "help": "^3.0.2"
      }
    },
    "node_modules/help": {
      "version": "3.0.2",
      "resolved": "https://registry.npmjs.org/help/-/help-3.0.2.tgz",
      "integrity": "sha1-luGQ1KCkU7icLLSwWrOOOo+f2t0="
    }
  },
  "dependencies": {
    "help": {
      "version": "3.0.2",
      "resolved": "https://registry.npmjs.org/help/-/help-3.0.2.tgz",
      "integrity": "sha1-luGQ1KCkU7icLLSwWrOOOo+f2t0="
    }
  }
}
